
Microsoft Visual Studio Solution File, Format Version 12.00
# Visual Studio Version 17
VisualStudioVersion = 17.7.34009.444
MinimumVisualStudioVersion = 10.0.40219.1
Project("{FAE04EC0-301F-11D3-BF4B-00C04F79EFBC}") = "BubbleApp", "BubbleApp\BubbleApp.csproj", "{15E5CBDC-364D-4353-AA93-461FDF7EE8DA}"
EndProject
Global
	GlobalSection(SolutionConfigurationPlatforms) = preSolution
		Debug|Any CPU = Debug|Any CPU
		Release|Any CPU = Release|Any CPU
	EndGlobalSection
	GlobalSection(ProjectConfigurationPlatforms) = postSolution
		{15E5CBDC-364D-4353-AA93-461FDF7EE8DA}.Debug|Any CPU.ActiveCfg = Debug|Any CPU
		{15E5CBDC-364D-4353-AA93-461FDF7EE8DA}.Debug|Any CPU.Build.0 = Debug|Any CPU
		{15E5CBDC-364D-4353-AA93-461FDF7EE8DA}.Release|Any CPU.ActiveCfg = Release|Any CPU
		{15E5CBDC-364D-4353-AA93-461FDF7EE8DA}.Release|Any CPU.Build.0 = Release|Any CPU
	EndGlobalSection
	GlobalSection(SolutionProperties) = preSolution
		HideSolutionNode = FALSE
	EndGlobalSection
	GlobalSection(ExtensibilityGlobals) = postSolution
		SolutionGuid = {6B88EB0D-7DF5-4656-BA05-1F32EF63E47A}
	EndGlobalSection
EndGlobal
